{
  "version": 4,
  "terraform_version": "0.12.28",
  "serial": 9,
  "lineage": "1a4c1740-c6ba-288c-c98d-b85b83cc70c0",
  "outputs": {},
  "resources": [
    {
      "mode": "managed",
      "type": "heroku_addon",
      "name": "cloudinary-production",
      "provider": "provider.heroku",
      "instances": [
        {
          "schema_version": 2,
          "attributes": {
            "app": "lcbc-production",
            "config": null,
            "config_vars": [
              "CLOUDINARY_URL"
            ],
            "id": "3803d069-f617-45ae-90ac-58691757f2d7",
            "name": "cloudinary-concave-87469",
            "plan": "cloudinary",
            "provider_id": "26392160d112a0b32eb1ab050ad90a"
          },
          "private": "eyJzY2hlbWFfdmVyc2lvbiI6IjIifQ==",
          "dependencies": [
            "heroku_app.production"
          ]
        }
      ]
    },
    {
      "mode": "managed",
      "type": "heroku_addon",
      "name": "cloudinary-staging",
      "provider": "provider.heroku",
      "instances": [
        {
          "schema_version": 2,
          "attributes": {
            "app": "lcbc-staging",
            "config": null,
            "config_vars": [
              "CLOUDINARY_URL"
            ],
            "id": "356952e0-1a2c-46fc-a6ec-5cef603e31ca",
            "name": "cloudinary-polished-54972",
            "plan": "cloudinary",
            "provider_id": "4de2f6228d6b4cb86e3fdf113c58c1"
          },
          "private": "eyJzY2hlbWFfdmVyc2lvbiI6IjIifQ==",
          "dependencies": [
            "heroku_app.staging"
          ]
        }
      ]
    },
    {
      "mode": "managed",
      "type": "heroku_addon",
      "name": "fastly-production",
      "provider": "provider.heroku",
      "instances": [
        {
          "schema_version": 2,
          "attributes": {
            "app": "lcbc-production",
            "config": null,
            "config_vars": [],
            "id": "bcbe0ab8-c391-427d-944e-a78bfcee0b91",
            "name": "fastly-round-73040",
            "plan": "fastly:quick",
            "provider_id": "app177155127"
          },
          "private": "eyJzY2hlbWFfdmVyc2lvbiI6IjIifQ==",
          "dependencies": [
            "heroku_app.production"
          ]
        }
      ]
    },
    {
      "mode": "managed",
      "type": "heroku_addon",
      "name": "redis-production",
      "provider": "provider.heroku",
      "instances": [
        {
          "schema_version": 2,
          "attributes": {
            "app": "lcbc-production",
            "config": null,
            "config_vars": [
              "REDIS_URL"
            ],
            "id": "2049276a-0dd3-4f27-bff3-d8e101ff3321",
            "name": "redis-concave-71784",
            "plan": "heroku-redis:hobby-dev",
            "provider_id": "resource42974469@heroku.com"
          },
          "private": "eyJzY2hlbWFfdmVyc2lvbiI6IjIifQ==",
          "dependencies": [
            "heroku_app.production"
          ]
        }
      ]
    },
    {
      "mode": "managed",
      "type": "heroku_addon",
      "name": "redis-staging",
      "provider": "provider.heroku",
      "instances": [
        {
          "schema_version": 2,
          "attributes": {
            "app": "lcbc-staging",
            "config": null,
            "config_vars": [
              "REDIS_URL"
            ],
            "id": "2ee8d5e7-4c99-4875-a131-fdb421143515",
            "name": "redis-triangular-88296",
            "plan": "heroku-redis:hobby-dev",
            "provider_id": "resource42974446@heroku.com"
          },
          "private": "eyJzY2hlbWFfdmVyc2lvbiI6IjIifQ==",
          "dependencies": [
            "heroku_app.staging"
          ]
        }
      ]
    },
    {
      "mode": "managed",
      "type": "heroku_app",
      "name": "production",
      "provider": "provider.heroku",
      "instances": [
        {
          "schema_version": 0,
          "attributes": {
            "acm": false,
            "all_config_vars": {
              "BIBLE_API_KEY": "958d009e22f237ff8da4b22e93bfee4d",
              "ENGINE_API_KEY": "",
              "ONE_SIGNAL_REST_KEY": "",
              "ROCK_TOKEN": "PMqVIUatmgVPAFxr6YIIs1VK"
            },
            "buildpacks": [],
            "config_vars": {
              "BIBLE_API_KEY": "958d009e22f237ff8da4b22e93bfee4d",
              "ENGINE_API_KEY": "",
              "ONE_SIGNAL_REST_KEY": "",
              "ROCK_TOKEN": "PMqVIUatmgVPAFxr6YIIs1VK"
            },
            "git_url": "https://git.heroku.com/lcbc-production.git",
            "heroku_hostname": "lcbc-production.herokuapp.com",
            "id": "lcbc-production",
            "internal_routing": false,
            "name": "lcbc-production",
            "organization": [
              {
                "locked": false,
                "name": "apollosproject",
                "personal": false
              }
            ],
            "region": "us",
            "sensitive_config_vars": {},
            "space": "",
            "stack": "container",
            "uuid": "5ff3e291-4c09-4e28-9d13-36191ae75c4a",
            "web_url": "https://lcbc-production.herokuapp.com/"
          },
          "private": "bnVsbA=="
        }
      ]
    },
    {
      "mode": "managed",
      "type": "heroku_app",
      "name": "staging",
      "provider": "provider.heroku",
      "instances": [
        {
          "schema_version": 0,
          "attributes": {
            "acm": false,
            "all_config_vars": {
              "BIBLE_API_KEY": "958d009e22f237ff8da4b22e93bfee4d",
              "ENGINE_API_KEY": "",
              "ONE_SIGNAL_REST_KEY": "",
              "ROCK_TOKEN": "PMqVIUatmgVPAFxr6YIIs1VK"
            },
            "buildpacks": [],
            "config_vars": {
              "BIBLE_API_KEY": "958d009e22f237ff8da4b22e93bfee4d",
              "ENGINE_API_KEY": "",
              "ONE_SIGNAL_REST_KEY": "",
              "ROCK_TOKEN": "PMqVIUatmgVPAFxr6YIIs1VK"
            },
            "git_url": "https://git.heroku.com/lcbc-staging.git",
            "heroku_hostname": "lcbc-staging.herokuapp.com",
            "id": "lcbc-staging",
            "internal_routing": false,
            "name": "lcbc-staging",
            "organization": [
              {
                "locked": false,
                "name": "apollosproject",
                "personal": false
              }
            ],
            "region": "us",
            "sensitive_config_vars": {},
            "space": "",
            "stack": "container",
            "uuid": "29bd89c0-3c7f-45dc-b762-ac6e5454dca7",
            "web_url": "https://lcbc-staging.herokuapp.com/"
          },
          "private": "bnVsbA=="
        }
      ]
    },
    {
      "mode": "managed",
      "type": "heroku_pipeline",
      "name": "pipeline",
      "provider": "provider.heroku",
      "instances": [
        {
          "schema_version": 0,
          "attributes": {
            "id": "cf9799c2-903c-4b2e-9daf-3757e6c78bff",
            "name": "lcbc",
            "owner": [
              {
                "id": "14a7ed39-0a94-46cc-916e-ca5c8194df95",
                "type": "user"
              }
            ]
          },
          "private": "bnVsbA=="
        }
      ]
    }
  ]
}
